<?xml version="1.0" encoding="utf-8"?>
<Project ToolsVersion="4.0" xmlns="http://schemas.microsoft.com/developer/msbuild/2003">
  <ItemGroup>
    <Filter Include="Source Files">
      <UniqueIdentifier>{4FC737F1-C7A5-4376-A066-2A32D752A2FF}</UniqueIdentifier>
      <Extensions>cpp;c;cc;cxx;c++;cppm;ixx;def;odl;idl;hpj;bat;asm;asmx</Extensions>
    </Filter>
    <Filter Include="Header Files">
      <UniqueIdentifier>{93995380-89BD-4b04-88EB-625FBE52EBFB}</UniqueIdentifier>
      <Extensions>h;hh;hpp;hxx;h++;hm;inl;inc;ipp;xsd</Extensions>
    </Filter>
    <Filter Include="Resource Files">
      <UniqueIdentifier>{67DA6AB6-F800-4c08-8B7A-83BB121AAD01}</UniqueIdentifier>
      <Extensions>rc;ico;cur;bmp;dlg;rc2;rct;bin;rgs;gif;jpg;jpeg;jpe;resx;tiff;tif;png;wav;mfcribbon-ms</Extensions>
    </Filter>
    <Filter Include="Header Files\3D Objects">
      <UniqueIdentifier>{2b4d8fef-4911-4401-a2f0-4f832794cf5b}</UniqueIdentifier>
    </Filter>
    <Filter Include="Source Files\Examples">
      <UniqueIdentifier>{768c42b0-4e0b-4202-a91e-ed6cd1f2b932}</UniqueIdentifier>
    </Filter>
    <Filter Include="Header Files\Object Headers">
      <UniqueIdentifier>{6b14c0e2-c0f4-4a71-9f65-ea8b5a9c77ad}</UniqueIdentifier>
    </Filter>
    <Filter Include="Source Files\Object Impl">
      <UniqueIdentifier>{f6863207-4464-406b-a242-2e809c095e97}</UniqueIdentifier>
    </Filter>
    <Filter Include="Header Files\Lighting">
      <UniqueIdentifier>{0035c206-0f84-48af-9508-a373d08cc50b}</UniqueIdentifier>
    </Filter>
  </ItemGroup>
  <ItemGroup>
    <ClCompile Include="glad.c">
      <Filter>Source Files</Filter>
    </ClCompile>
    <ClCompile Include="ShaderUtils.cpp">
      <Filter>Source Files</Filter>
    </ClCompile>
    <ClCompile Include="AppWindow.cpp">
      <Filter>Source Files</Filter>
    </ClCompile>
    <ClCompile Include="ShaderProgram.cpp">
      <Filter>Source Files</Filter>
    </ClCompile>
    <ClCompile Include="stb_image.cpp">
      <Filter>Source Files</Filter>
    </ClCompile>
    <ClCompile Include="Texture2D.cpp">
      <Filter>Source Files</Filter>
    </ClCompile>
    <ClCompile Include="Camera.cpp">
      <Filter>Source Files</Filter>
    </ClCompile>
    <ClCompile Include="Example.cpp">
      <Filter>Source Files\Examples</Filter>
    </ClCompile>
    <ClCompile Include="Example2.cpp">
      <Filter>Source Files\Examples</Filter>
    </ClCompile>
    <ClCompile Include="Example3.cpp">
      <Filter>Source Files\Examples</Filter>
    </ClCompile>
    <ClCompile Include="Object\Mesh.cpp">
      <Filter>Source Files\Object Impl</Filter>
    </ClCompile>
    <ClCompile Include="Object\Model.cpp">
      <Filter>Source Files\Object Impl</Filter>
    </ClCompile>
    <ClCompile Include="Lighting.cpp">
      <Filter>Source Files</Filter>
    </ClCompile>
  </ItemGroup>
  <ItemGroup>
    <ClInclude Include="ShaderUtils.h">
      <Filter>Header Files</Filter>
    </ClInclude>
    <ClInclude Include="AppWindow.h">
      <Filter>Header Files</Filter>
    </ClInclude>
    <ClInclude Include="ShapeConstants.h">
      <Filter>Header Files</Filter>
    </ClInclude>
    <ClInclude Include="ShaderProgram.h">
      <Filter>Header Files</Filter>
    </ClInclude>
    <ClInclude Include="stb_image.h">
      <Filter>Header Files</Filter>
    </ClInclude>
    <ClInclude Include="Texture2D.h">
      <Filter>Header Files</Filter>
    </ClInclude>
    <ClInclude Include="VisualEntity.h">
      <Filter>Header Files</Filter>
    </ClInclude>
    <ClInclude Include="ObjectEntity.h">
      <Filter>Header Files\3D Objects</Filter>
    </ClInclude>
    <ClInclude Include="Utility.h">
      <Filter>Header Files</Filter>
    </ClInclude>
    <ClInclude Include="Camera.h">
      <Filter>Header Files</Filter>
    </ClInclude>
    <ClInclude Include="World.h">
      <Filter>Header Files</Filter>
    </ClInclude>
    <ClInclude Include="PracticeCube.h">
      <Filter>Header Files</Filter>
    </ClInclude>
    <ClInclude Include="PracticePhongLight.h">
      <Filter>Header Files</Filter>
    </ClInclude>
    <ClInclude Include="Object\Mesh.h">
      <Filter>Header Files\Object Headers</Filter>
    </ClInclude>
    <ClInclude Include="Object\Model.h">
      <Filter>Header Files\Object Headers</Filter>
    </ClInclude>
    <ClInclude Include="Object\ObjectStructs.h">
      <Filter>Header Files\Object Headers</Filter>
    </ClInclude>
    <ClInclude Include="Lighting.h">
      <Filter>Header Files\Lighting</Filter>
    </ClInclude>
  </ItemGroup>
  <ItemGroup>
    <None Include="shaders\example1.frag" />
    <None Include="shaders\example1.vert" />
    <None Include="shaders\phongshader.frag" />
    <None Include="shaders\phongshader.vert" />
    <None Include="OBJfiles\demon\demon.mtl" />
    <None Include="shaders\phongShaderLight.frag" />
  </ItemGroup>
  <ItemGroup>
    <Image Include="Binnie.png">
      <Filter>Resource Files</Filter>
    </Image>
    <Image Include="OBJfiles\Survival_BackPack_2\1001_albedo.jpg">
      <Filter>Resource Files</Filter>
    </Image>
  </ItemGroup>
</Project>